
Microsoft Visual Studio Solution File, Format Version 12.00
# Visual Studio Version 16
VisualStudioVersion = 16.0.31005.135
MinimumVisualStudioVersion = 10.0.40219.1
Project("{FAE04EC0-301F-11D3-BF4B-00C04F79EFBC}") = "CalculadoraSalarioLiquido2021", "CalculadoraSalarioLiquido2021\CalculadoraSalarioLiquido2021.csproj", "{39395AC2-73C1-47D5-8961-CB6D7F592AB0}"
EndProject
Global
	GlobalSection(SolutionConfigurationPlatforms) = preSolution
		Debug|Any CPU = Debug|Any CPU
		Release|Any CPU = Release|Any CPU
	EndGlobalSection
	GlobalSection(ProjectConfigurationPlatforms) = postSolution
		{39395AC2-73C1-47D5-8961-CB6D7F592AB0}.Debug|Any CPU.ActiveCfg = Debug|Any CPU
		{39395AC2-73C1-47D5-8961-CB6D7F592AB0}.Debug|Any CPU.Build.0 = Debug|Any CPU
		{39395AC2-73C1-47D5-8961-CB6D7F592AB0}.Release|Any CPU.ActiveCfg = Release|Any CPU
		{39395AC2-73C1-47D5-8961-CB6D7F592AB0}.Release|Any CPU.Build.0 = Release|Any CPU
	EndGlobalSection
	GlobalSection(SolutionProperties) = preSolution
		HideSolutionNode = FALSE
	EndGlobalSection
	GlobalSection(ExtensibilityGlobals) = postSolution
		SolutionGuid = {49C50976-98D5-457F-9512-FF0B03B688A1}
	EndGlobalSection
EndGlobal
